
Microsoft Visual Studio Solution File, Format Version 12.00
# Visual Studio Version 16
VisualStudioVersion = 16.0.30523.141
MinimumVisualStudioVersion = 10.0.40219.1
Project("{FAE04EC0-301F-11D3-BF4B-00C04F79EFBC}") = "TODOs API", "TODOs API\TODOs API.csproj", "{A39936D1-6360-4633-9EDA-FA50AFFCF7B4}"
EndProject
Global
	GlobalSection(SolutionConfigurationPlatforms) = preSolution
		Debug|Any CPU = Debug|Any CPU
		Release|Any CPU = Release|Any CPU
	EndGlobalSection
	GlobalSection(ProjectConfigurationPlatforms) = postSolution
		{A39936D1-6360-4633-9EDA-FA50AFFCF7B4}.Debug|Any CPU.ActiveCfg = Debug|Any CPU
		{A39936D1-6360-4633-9EDA-FA50AFFCF7B4}.Debug|Any CPU.Build.0 = Debug|Any CPU
		{A39936D1-6360-4633-9EDA-FA50AFFCF7B4}.Release|Any CPU.ActiveCfg = Release|Any CPU
		{A39936D1-6360-4633-9EDA-FA50AFFCF7B4}.Release|Any CPU.Build.0 = Release|Any CPU
	EndGlobalSection
	GlobalSection(SolutionProperties) = preSolution
		HideSolutionNode = FALSE
	EndGlobalSection
	GlobalSection(ExtensibilityGlobals) = postSolution
		SolutionGuid = {4EBA95A8-6501-4F81-B40F-BCDDA0E662F1}
	EndGlobalSection
EndGlobal
